
Microsoft Visual Studio Solution File, Format Version 12.00
# Visual Studio Version 16
VisualStudioVersion = 16.0.32106.194
MinimumVisualStudioVersion = 10.0.40219.1
Project("{FAE04EC0-301F-11D3-BF4B-00C04F79EFBC}") = "ControleVendas", "ControleVendas.csproj", "{A208CE49-1C21-4D1D-AAF0-4056B71CAF5F}"
EndProject
Global
	GlobalSection(SolutionConfigurationPlatforms) = preSolution
		Debug|Any CPU = Debug|Any CPU
		Release|Any CPU = Release|Any CPU
	EndGlobalSection
	GlobalSection(ProjectConfigurationPlatforms) = postSolution
		{A208CE49-1C21-4D1D-AAF0-4056B71CAF5F}.Debug|Any CPU.ActiveCfg = Debug|Any CPU
		{A208CE49-1C21-4D1D-AAF0-4056B71CAF5F}.Debug|Any CPU.Build.0 = Debug|Any CPU
		{A208CE49-1C21-4D1D-AAF0-4056B71CAF5F}.Release|Any CPU.ActiveCfg = Release|Any CPU
		{A208CE49-1C21-4D1D-AAF0-4056B71CAF5F}.Release|Any CPU.Build.0 = Release|Any CPU
	EndGlobalSection
	GlobalSection(SolutionProperties) = preSolution
		HideSolutionNode = FALSE
	EndGlobalSection
	GlobalSection(ExtensibilityGlobals) = postSolution
		SolutionGuid = {FD64CD8C-E535-4EC8-82DA-5881A9CB21DE}
	EndGlobalSection
EndGlobal
